
Microsoft Visual Studio Solution File, Format Version 12.00
# Visual Studio Version 17
VisualStudioVersion = 17.3.32825.248
MinimumVisualStudioVersion = 10.0.40219.1
Project("{FAE04EC0-301F-11D3-BF4B-00C04F79EFBC}") = "PrismTest", "PrismTest\PrismTest.csproj", "{68C0026A-0EDC-4659-AE83-80F514CD8B09}"
EndProject
Global
	GlobalSection(SolutionConfigurationPlatforms) = preSolution
		Debug|Any CPU = Debug|Any CPU
		Release|Any CPU = Release|Any CPU
	EndGlobalSection
	GlobalSection(ProjectConfigurationPlatforms) = postSolution
		{68C0026A-0EDC-4659-AE83-80F514CD8B09}.Debug|Any CPU.ActiveCfg = Debug|Any CPU
		{68C0026A-0EDC-4659-AE83-80F514CD8B09}.Debug|Any CPU.Build.0 = Debug|Any CPU
		{68C0026A-0EDC-4659-AE83-80F514CD8B09}.Release|Any CPU.ActiveCfg = Release|Any CPU
		{68C0026A-0EDC-4659-AE83-80F514CD8B09}.Release|Any CPU.Build.0 = Release|Any CPU
	EndGlobalSection
	GlobalSection(SolutionProperties) = preSolution
		HideSolutionNode = FALSE
	EndGlobalSection
	GlobalSection(ExtensibilityGlobals) = postSolution
		SolutionGuid = {338CED9C-303E-4010-B90A-07D34B580A7F}
	EndGlobalSection
EndGlobal
